
Microsoft Visual Studio Solution File, Format Version 12.00
# Visual Studio Version 16
VisualStudioVersion = 16.0.31424.327
MinimumVisualStudioVersion = 10.0.40219.1
Project("{FAE04EC0-301F-11D3-BF4B-00C04F79EFBC}") = "CaracteresLimitados.2.4", "CaracteresLimitados.2.4\CaracteresLimitados.2.4.csproj", "{5E7A1639-BA53-4B3F-B993-E2EEB26188EE}"
EndProject
Global
	GlobalSection(SolutionConfigurationPlatforms) = preSolution
		Debug|Any CPU = Debug|Any CPU
		Release|Any CPU = Release|Any CPU
	EndGlobalSection
	GlobalSection(ProjectConfigurationPlatforms) = postSolution
		{5E7A1639-BA53-4B3F-B993-E2EEB26188EE}.Debug|Any CPU.ActiveCfg = Debug|Any CPU
		{5E7A1639-BA53-4B3F-B993-E2EEB26188EE}.Debug|Any CPU.Build.0 = Debug|Any CPU
		{5E7A1639-BA53-4B3F-B993-E2EEB26188EE}.Release|Any CPU.ActiveCfg = Release|Any CPU
		{5E7A1639-BA53-4B3F-B993-E2EEB26188EE}.Release|Any CPU.Build.0 = Release|Any CPU
	EndGlobalSection
	GlobalSection(SolutionProperties) = preSolution
		HideSolutionNode = FALSE
	EndGlobalSection
	GlobalSection(ExtensibilityGlobals) = postSolution
		SolutionGuid = {714A680C-4739-4F25-A795-55E665160F99}
	EndGlobalSection
EndGlobal
